{
  "name": "node-buch",
  "version": "1.0.0",
  "lockfileVersion": 2,
  "requires": true,
  "packages": {
    "": {
      "name": "node-buch",
      "version": "1.0.0",
      "license": "ISC",
      "dependencies": {
        "formidable": "^1.2.2"
      }
    },
    "node_modules/formidable": {
      "version": "1.2.6",
      "resolved": "https://registry.npmjs.org/formidable/-/formidable-1.2.6.tgz",
      "integrity": "sha512-KcpbcpuLNOwrEjnbpMC0gS+X8ciDoZE1kkqzat4a8vrprf+s9pKNQ/QIwWfbfs4ltgmFl3MD177SNTkve3BwGQ==",
      "deprecated": "Please upgrade to latest, formidable@v2 or formidable@v3! Check these notes: https://bit.ly/2ZEqIau",
      "funding": {
        "url": "https://ko-fi.com/tunnckoCore/commissions"
      }
    }
  },
  "dependencies": {
    "formidable": {
      "version": "1.2.6",
      "resolved": "https://registry.npmjs.org/formidable/-/formidable-1.2.6.tgz",
      "integrity": "sha512-KcpbcpuLNOwrEjnbpMC0gS+X8ciDoZE1kkqzat4a8vrprf+s9pKNQ/QIwWfbfs4ltgmFl3MD177SNTkve3BwGQ=="
    }
  }
}
