{
  "name": "node-buch",
  "version": "1.0.0",
  "lockfileVersion": 2,
  "requires": true,
  "packages": {
    "": {
      "name": "node-buch",
      "version": "1.0.0",
      "license": "ISC",
      "dependencies": {
        "graphql": "^15.5.3"
      }
    },
    "node_modules/graphql": {
      "version": "15.5.3",
      "resolved": "https://registry.npmjs.org/graphql/-/graphql-15.5.3.tgz",
      "integrity": "sha512-sM+jXaO5KinTui6lbK/7b7H/Knj9BpjGxZ+Ki35v7YbUJxxdBCUqNM0h3CRVU1ZF9t5lNiBzvBCSYPvIwxPOQA==",
      "engines": {
        "node": ">= 10.x"
      }
    }
  },
  "dependencies": {
    "graphql": {
      "version": "15.5.3",
      "resolved": "https://registry.npmjs.org/graphql/-/graphql-15.5.3.tgz",
      "integrity": "sha512-sM+jXaO5KinTui6lbK/7b7H/Knj9BpjGxZ+Ki35v7YbUJxxdBCUqNM0h3CRVU1ZF9t5lNiBzvBCSYPvIwxPOQA=="
    }
  }
}
